Microsoft Visual Studio Solution File, Format Version 8.00
Project("{FAE04EC0-301F-11D3-BF4B-00C04F79EFBC}") = "AsciiArt", "AsciiArt.csproj", "{41DC2B27-59F1-4A91-ABD0-89691E66F96D}"
	ProjectSection(ProjectDependencies) = postProject
	EndProjectSection
EndProject
Global
	GlobalSection(SolutionConfiguration) = preSolution
		Debug = Debug
		Release = Release
	EndGlobalSection
	GlobalSection(ProjectConfiguration) = postSolution
		{41DC2B27-59F1-4A91-ABD0-89691E66F96D}.Debug.ActiveCfg = Debug|.NET
		{41DC2B27-59F1-4A91-ABD0-89691E66F96D}.Debug.Build.0 = Debug|.NET
		{41DC2B27-59F1-4A91-ABD0-89691E66F96D}.Release.ActiveCfg = Release|.NET
		{41DC2B27-59F1-4A91-ABD0-89691E66F96D}.Release.Build.0 = Release|.NET
	EndGlobalSection
	GlobalSection(ExtensibilityGlobals) = postSolution
	EndGlobalSection
	GlobalSection(ExtensibilityAddIns) = postSolution
	EndGlobalSection
EndGlobal
